
Microsoft Visual Studio Solution File, Format Version 12.00
# Visual Studio Version 17
VisualStudioVersion = 17.4.33205.214
MinimumVisualStudioVersion = 10.0.40219.1
Project("{FAE04EC0-301F-11D3-BF4B-00C04F79EFBC}") = "AzureServiceBusQueue", "AzureServiceBusQueue\AzureServiceBusQueue.csproj", "{BBE2323E-3041-47F2-AB9E-3BA8D935CEE4}"
EndProject
Global
	GlobalSection(SolutionConfigurationPlatforms) = preSolution
		Debug|Any CPU = Debug|Any CPU
		Release|Any CPU = Release|Any CPU
	EndGlobalSection
	GlobalSection(ProjectConfigurationPlatforms) = postSolution
		{BBE2323E-3041-47F2-AB9E-3BA8D935CEE4}.Debug|Any CPU.ActiveCfg = Debug|Any CPU
		{BBE2323E-3041-47F2-AB9E-3BA8D935CEE4}.Debug|Any CPU.Build.0 = Debug|Any CPU
		{BBE2323E-3041-47F2-AB9E-3BA8D935CEE4}.Release|Any CPU.ActiveCfg = Release|Any CPU
		{BBE2323E-3041-47F2-AB9E-3BA8D935CEE4}.Release|Any CPU.Build.0 = Release|Any CPU
	EndGlobalSection
	GlobalSection(SolutionProperties) = preSolution
		HideSolutionNode = FALSE
	EndGlobalSection
	GlobalSection(ExtensibilityGlobals) = postSolution
		SolutionGuid = {C65937AF-E0AD-42DF-8DDA-73BA22F8D07C}
	EndGlobalSection
EndGlobal
