
Microsoft Visual Studio Solution File, Format Version 12.00
# Visual Studio Version 17
VisualStudioVersion = 17.4.33205.214
MinimumVisualStudioVersion = 10.0.40219.1
Project("{FAE04EC0-301F-11D3-BF4B-00C04F79EFBC}") = "AzureServiceBus_Topics", "AzureServiceBus_Topics\AzureServiceBus_Topics.csproj", "{B4BACC77-24B3-428E-93CF-1D53F6F24FEC}"
EndProject
Global
	GlobalSection(SolutionConfigurationPlatforms) = preSolution
		Debug|Any CPU = Debug|Any CPU
		Release|Any CPU = Release|Any CPU
	EndGlobalSection
	GlobalSection(ProjectConfigurationPlatforms) = postSolution
		{B4BACC77-24B3-428E-93CF-1D53F6F24FEC}.Debug|Any CPU.ActiveCfg = Debug|Any CPU
		{B4BACC77-24B3-428E-93CF-1D53F6F24FEC}.Debug|Any CPU.Build.0 = Debug|Any CPU
		{B4BACC77-24B3-428E-93CF-1D53F6F24FEC}.Release|Any CPU.ActiveCfg = Release|Any CPU
		{B4BACC77-24B3-428E-93CF-1D53F6F24FEC}.Release|Any CPU.Build.0 = Release|Any CPU
	EndGlobalSection
	GlobalSection(SolutionProperties) = preSolution
		HideSolutionNode = FALSE
	EndGlobalSection
	GlobalSection(ExtensibilityGlobals) = postSolution
		SolutionGuid = {F17F5B48-6A5C-4A83-B003-BFE1EE501CA4}
	EndGlobalSection
EndGlobal
