
Microsoft Visual Studio Solution File, Format Version 12.00
# Visual Studio Version 17
VisualStudioVersion = 17.4.33205.214
MinimumVisualStudioVersion = 10.0.40219.1
Project("{FAE04EC0-301F-11D3-BF4B-00C04F79EFBC}") = "ServiceBusQueueFunction", "ServiceBusQueueFunction\ServiceBusQueueFunction.csproj", "{9364976D-ED51-4EA1-A069-138746182AF7}"
EndProject
Global
	GlobalSection(SolutionConfigurationPlatforms) = preSolution
		Debug|Any CPU = Debug|Any CPU
		Release|Any CPU = Release|Any CPU
	EndGlobalSection
	GlobalSection(ProjectConfigurationPlatforms) = postSolution
		{9364976D-ED51-4EA1-A069-138746182AF7}.Debug|Any CPU.ActiveCfg = Debug|Any CPU
		{9364976D-ED51-4EA1-A069-138746182AF7}.Debug|Any CPU.Build.0 = Debug|Any CPU
		{9364976D-ED51-4EA1-A069-138746182AF7}.Release|Any CPU.ActiveCfg = Release|Any CPU
		{9364976D-ED51-4EA1-A069-138746182AF7}.Release|Any CPU.Build.0 = Release|Any CPU
	EndGlobalSection
	GlobalSection(SolutionProperties) = preSolution
		HideSolutionNode = FALSE
	EndGlobalSection
	GlobalSection(ExtensibilityGlobals) = postSolution
		SolutionGuid = {DE94BD6A-223C-4B31-9734-C2E2A5DA0315}
	EndGlobalSection
EndGlobal
