
Microsoft Visual Studio Solution File, Format Version 12.00
# Visual Studio Version 17
VisualStudioVersion = 17.4.33205.214
MinimumVisualStudioVersion = 10.0.40219.1
Project("{9A19103F-16F7-4668-BE54-9A1E7A4F7556}") = "EventHubSendData", "EventHubSendData\EventHubSendData.csproj", "{50FCD7D7-24ED-48E2-BE3D-EC6DEEC7E67C}"
EndProject
Project("{FAE04EC0-301F-11D3-BF4B-00C04F79EFBC}") = "EventHubListenData", "EventHubListenData\EventHubListenData.csproj", "{69B25BBA-11BA-4FE6-B8CF-D5226463DBE6}"
EndProject
Global
	GlobalSection(SolutionConfigurationPlatforms) = preSolution
		Debug|Any CPU = Debug|Any CPU
		Release|Any CPU = Release|Any CPU
	EndGlobalSection
	GlobalSection(ProjectConfigurationPlatforms) = postSolution
		{50FCD7D7-24ED-48E2-BE3D-EC6DEEC7E67C}.Debug|Any CPU.ActiveCfg = Debug|Any CPU
		{50FCD7D7-24ED-48E2-BE3D-EC6DEEC7E67C}.Debug|Any CPU.Build.0 = Debug|Any CPU
		{50FCD7D7-24ED-48E2-BE3D-EC6DEEC7E67C}.Release|Any CPU.ActiveCfg = Release|Any CPU
		{50FCD7D7-24ED-48E2-BE3D-EC6DEEC7E67C}.Release|Any CPU.Build.0 = Release|Any CPU
		{69B25BBA-11BA-4FE6-B8CF-D5226463DBE6}.Debug|Any CPU.ActiveCfg = Debug|Any CPU
		{69B25BBA-11BA-4FE6-B8CF-D5226463DBE6}.Debug|Any CPU.Build.0 = Debug|Any CPU
		{69B25BBA-11BA-4FE6-B8CF-D5226463DBE6}.Release|Any CPU.ActiveCfg = Release|Any CPU
		{69B25BBA-11BA-4FE6-B8CF-D5226463DBE6}.Release|Any CPU.Build.0 = Release|Any CPU
	EndGlobalSection
	GlobalSection(SolutionProperties) = preSolution
		HideSolutionNode = FALSE
	EndGlobalSection
	GlobalSection(ExtensibilityGlobals) = postSolution
		SolutionGuid = {FE98A5B7-FB26-4572-81E5-1DA1995A6044}
	EndGlobalSection
EndGlobal
